
Microsoft Visual Studio Solution File, Format Version 12.00
# Visual Studio Version 17
VisualStudioVersion = 17.11.35219.272
MinimumVisualStudioVersion = 10.0.40219.1
Project("{FAE04EC0-301F-11D3-BF4B-00C04F79EFBC}") = "övining 3", "övining 3\övining 3.csproj", "{69DA2851-0C47-4C66-B978-94DFE6968D94}"
EndProject
Global
	GlobalSection(SolutionConfigurationPlatforms) = preSolution
		Debug|Any CPU = Debug|Any CPU
		Release|Any CPU = Release|Any CPU
	EndGlobalSection
	GlobalSection(ProjectConfigurationPlatforms) = postSolution
		{69DA2851-0C47-4C66-B978-94DFE6968D94}.Debug|Any CPU.ActiveCfg = Debug|Any CPU
		{69DA2851-0C47-4C66-B978-94DFE6968D94}.Debug|Any CPU.Build.0 = Debug|Any CPU
		{69DA2851-0C47-4C66-B978-94DFE6968D94}.Release|Any CPU.ActiveCfg = Release|Any CPU
		{69DA2851-0C47-4C66-B978-94DFE6968D94}.Release|Any CPU.Build.0 = Release|Any CPU
	EndGlobalSection
	GlobalSection(SolutionProperties) = preSolution
		HideSolutionNode = FALSE
	EndGlobalSection
	GlobalSection(ExtensibilityGlobals) = postSolution
		SolutionGuid = {77E1F16C-9C32-4F30-B71E-1EAA2BB4DE5B}
	EndGlobalSection
EndGlobal
